
Microsoft Visual Studio Solution File, Format Version 12.00
# Visual Studio Version 17
VisualStudioVersion = 17.0.31903.59
MinimumVisualStudioVersion = 10.0.40219.1
Project("{2150E333-8FDC-42A3-9474-1A3956D46DE8}") = "src", "src", "{827E0CD3-B72D-47B6-A68D-7590B98EB39B}"
EndProject
Project("{FAE04EC0-301F-11D3-BF4B-00C04F79EFBC}") = "Prizm.Z80", "src\Prizm.Z80\Prizm.Z80.csproj", "{340FC87C-EC53-40B6-8BE3-2C51518A73DF}"
EndProject
Project("{2150E333-8FDC-42A3-9474-1A3956D46DE8}") = "tests", "tests", "{0AB3BF05-4346-4AA6-1389-037BE0695223}"
EndProject
Project("{FAE04EC0-301F-11D3-BF4B-00C04F79EFBC}") = "Prizm.Z80.Tests", "tests\Prizm.Z80.Tests\Prizm.Z80.Tests.csproj", "{1798294B-F40E-4A15-ABF9-53DD643F33F8}"
EndProject
Project("{FAE04EC0-301F-11D3-BF4B-00C04F79EFBC}") = "Prizm.Core", "src\Prizm.Core\Prizm.Core.csproj", "{1B822F51-7556-4247-A85A-BAA4C88A8EAC}"
EndProject
Project("{FAE04EC0-301F-11D3-BF4B-00C04F79EFBC}") = "Prizm.App", "src\Prizm.App\Prizm.App.csproj", "{CB5D97D5-B39A-4AD4-B579-DA3E93435DC5}"
EndProject
Project("{FAE04EC0-301F-11D3-BF4B-00C04F79EFBC}") = "Prizm.Core.Tests", "tests\Prizm.Core.Tests\Prizm.Core.Tests.csproj", "{AA9BC9FF-C56B-4C3A-A523-E717BA3B4D35}"
EndProject
Global
	GlobalSection(SolutionConfigurationPlatforms) = preSolution
		Debug|Any CPU = Debug|Any CPU
		Debug|x64 = Debug|x64
		Debug|x86 = Debug|x86
		Release|Any CPU = Release|Any CPU
		Release|x64 = Release|x64
		Release|x86 = Release|x86
	EndGlobalSection
	GlobalSection(ProjectConfigurationPlatforms) = postSolution
		{340FC87C-EC53-40B6-8BE3-2C51518A73DF}.Debug|Any CPU.ActiveCfg = Debug|Any CPU
		{340FC87C-EC53-40B6-8BE3-2C51518A73DF}.Debug|Any CPU.Build.0 = Debug|Any CPU
		{340FC87C-EC53-40B6-8BE3-2C51518A73DF}.Debug|x64.ActiveCfg = Debug|Any CPU
		{340FC87C-EC53-40B6-8BE3-2C51518A73DF}.Debug|x64.Build.0 = Debug|Any CPU
		{340FC87C-EC53-40B6-8BE3-2C51518A73DF}.Debug|x86.ActiveCfg = Debug|Any CPU
		{340FC87C-EC53-40B6-8BE3-2C51518A73DF}.Debug|x86.Build.0 = Debug|Any CPU
		{340FC87C-EC53-40B6-8BE3-2C51518A73DF}.Release|Any CPU.ActiveCfg = Release|Any CPU
		{340FC87C-EC53-40B6-8BE3-2C51518A73DF}.Release|Any CPU.Build.0 = Release|Any CPU
		{340FC87C-EC53-40B6-8BE3-2C51518A73DF}.Release|x64.ActiveCfg = Release|Any CPU
		{340FC87C-EC53-40B6-8BE3-2C51518A73DF}.Release|x64.Build.0 = Release|Any CPU
		{340FC87C-EC53-40B6-8BE3-2C51518A73DF}.Release|x86.ActiveCfg = Release|Any CPU
		{340FC87C-EC53-40B6-8BE3-2C51518A73DF}.Release|x86.Build.0 = Release|Any CPU
		{1798294B-F40E-4A15-ABF9-53DD643F33F8}.Debug|Any CPU.ActiveCfg = Debug|Any CPU
		{1798294B-F40E-4A15-ABF9-53DD643F33F8}.Debug|Any CPU.Build.0 = Debug|Any CPU
		{1798294B-F40E-4A15-ABF9-53DD643F33F8}.Debug|x64.ActiveCfg = Debug|Any CPU
		{1798294B-F40E-4A15-ABF9-53DD643F33F8}.Debug|x64.Build.0 = Debug|Any CPU
		{1798294B-F40E-4A15-ABF9-53DD643F33F8}.Debug|x86.ActiveCfg = Debug|Any CPU
		{1798294B-F40E-4A15-ABF9-53DD643F33F8}.Debug|x86.Build.0 = Debug|Any CPU
		{1798294B-F40E-4A15-ABF9-53DD643F33F8}.Release|Any CPU.ActiveCfg = Release|Any CPU
		{1798294B-F40E-4A15-ABF9-53DD643F33F8}.Release|Any CPU.Build.0 = Release|Any CPU
		{1798294B-F40E-4A15-ABF9-53DD643F33F8}.Release|x64.ActiveCfg = Release|Any CPU
		{1798294B-F40E-4A15-ABF9-53DD643F33F8}.Release|x64.Build.0 = Release|Any CPU
		{1798294B-F40E-4A15-ABF9-53DD643F33F8}.Release|x86.ActiveCfg = Release|Any CPU
		{1798294B-F40E-4A15-ABF9-53DD643F33F8}.Release|x86.Build.0 = Release|Any CPU
		{1B822F51-7556-4247-A85A-BAA4C88A8EAC}.Debug|Any CPU.ActiveCfg = Debug|Any CPU
		{1B822F51-7556-4247-A85A-BAA4C88A8EAC}.Debug|Any CPU.Build.0 = Debug|Any CPU
		{1B822F51-7556-4247-A85A-BAA4C88A8EAC}.Debug|x64.ActiveCfg = Debug|Any CPU
		{1B822F51-7556-4247-A85A-BAA4C88A8EAC}.Debug|x64.Build.0 = Debug|Any CPU
		{1B822F51-7556-4247-A85A-BAA4C88A8EAC}.Debug|x86.ActiveCfg = Debug|Any CPU
		{1B822F51-7556-4247-A85A-BAA4C88A8EAC}.Debug|x86.Build.0 = Debug|Any CPU
		{1B822F51-7556-4247-A85A-BAA4C88A8EAC}.Release|Any CPU.ActiveCfg = Release|Any CPU
		{1B822F51-7556-4247-A85A-BAA4C88A8EAC}.Release|Any CPU.Build.0 = Release|Any CPU
		{1B822F51-7556-4247-A85A-BAA4C88A8EAC}.Release|x64.ActiveCfg = Release|Any CPU
		{1B822F51-7556-4247-A85A-BAA4C88A8EAC}.Release|x64.Build.0 = Release|Any CPU
		{1B822F51-7556-4247-A85A-BAA4C88A8EAC}.Release|x86.ActiveCfg = Release|Any CPU
		{1B822F51-7556-4247-A85A-BAA4C88A8EAC}.Release|x86.Build.0 = Release|Any CPU
		{CB5D97D5-B39A-4AD4-B579-DA3E93435DC5}.Debug|Any CPU.ActiveCfg = Debug|Any CPU
		{CB5D97D5-B39A-4AD4-B579-DA3E93435DC5}.Debug|Any CPU.Build.0 = Debug|Any CPU
		{CB5D97D5-B39A-4AD4-B579-DA3E93435DC5}.Debug|x64.ActiveCfg = Debug|Any CPU
		{CB5D97D5-B39A-4AD4-B579-DA3E93435DC5}.Debug|x64.Build.0 = Debug|Any CPU
		{CB5D97D5-B39A-4AD4-B579-DA3E93435DC5}.Debug|x86.ActiveCfg = Debug|Any CPU
		{CB5D97D5-B39A-4AD4-B579-DA3E93435DC5}.Debug|x86.Build.0 = Debug|Any CPU
		{CB5D97D5-B39A-4AD4-B579-DA3E93435DC5}.Release|Any CPU.ActiveCfg = Release|Any CPU
		{CB5D97D5-B39A-4AD4-B579-DA3E93435DC5}.Release|Any CPU.Build.0 = Release|Any CPU
		{CB5D97D5-B39A-4AD4-B579-DA3E93435DC5}.Release|x64.ActiveCfg = Release|Any CPU
		{CB5D97D5-B39A-4AD4-B579-DA3E93435DC5}.Release|x64.Build.0 = Release|Any CPU
		{CB5D97D5-B39A-4AD4-B579-DA3E93435DC5}.Release|x86.ActiveCfg = Release|Any CPU
		{CB5D97D5-B39A-4AD4-B579-DA3E93435DC5}.Release|x86.Build.0 = Release|Any CPU
		{AA9BC9FF-C56B-4C3A-A523-E717BA3B4D35}.Debug|Any CPU.ActiveCfg = Debug|Any CPU
		{AA9BC9FF-C56B-4C3A-A523-E717BA3B4D35}.Debug|Any CPU.Build.0 = Debug|Any CPU
		{AA9BC9FF-C56B-4C3A-A523-E717BA3B4D35}.Debug|x64.ActiveCfg = Debug|Any CPU
		{AA9BC9FF-C56B-4C3A-A523-E717BA3B4D35}.Debug|x64.Build.0 = Debug|Any CPU
		{AA9BC9FF-C56B-4C3A-A523-E717BA3B4D35}.Debug|x86.ActiveCfg = Debug|Any CPU
		{AA9BC9FF-C56B-4C3A-A523-E717BA3B4D35}.Debug|x86.Build.0 = Debug|Any CPU
		{AA9BC9FF-C56B-4C3A-A523-E717BA3B4D35}.Release|Any CPU.ActiveCfg = Release|Any CPU
		{AA9BC9FF-C56B-4C3A-A523-E717BA3B4D35}.Release|Any CPU.Build.0 = Release|Any CPU
		{AA9BC9FF-C56B-4C3A-A523-E717BA3B4D35}.Release|x64.ActiveCfg = Release|Any CPU
		{AA9BC9FF-C56B-4C3A-A523-E717BA3B4D35}.Release|x64.Build.0 = Release|Any CPU
		{AA9BC9FF-C56B-4C3A-A523-E717BA3B4D35}.Release|x86.ActiveCfg = Release|Any CPU
		{AA9BC9FF-C56B-4C3A-A523-E717BA3B4D35}.Release|x86.Build.0 = Release|Any CPU
	EndGlobalSection
	GlobalSection(SolutionProperties) = preSolution
		HideSolutionNode = FALSE
	EndGlobalSection
	GlobalSection(NestedProjects) = preSolution
		{340FC87C-EC53-40B6-8BE3-2C51518A73DF} = {827E0CD3-B72D-47B6-A68D-7590B98EB39B}
		{1798294B-F40E-4A15-ABF9-53DD643F33F8} = {0AB3BF05-4346-4AA6-1389-037BE0695223}
		{1B822F51-7556-4247-A85A-BAA4C88A8EAC} = {827E0CD3-B72D-47B6-A68D-7590B98EB39B}
		{CB5D97D5-B39A-4AD4-B579-DA3E93435DC5} = {827E0CD3-B72D-47B6-A68D-7590B98EB39B}
		{AA9BC9FF-C56B-4C3A-A523-E717BA3B4D35} = {0AB3BF05-4346-4AA6-1389-037BE0695223}
	EndGlobalSection
EndGlobal
